
Microsoft Visual Studio Solution File, Format Version 11.00
# Visual Studio 2010
Project("{FAE04EC0-301F-11D3-BF4B-00C04F79EFBC}") = "Test", "Test\Test.csproj", "{E081E5BE-7C0E-4135-B1C3-EE8BE0CE92DF}"
EndProject
Project("{FAE04EC0-301F-11D3-BF4B-00C04F79EFBC}") = "BattleNetApi", "BattleNetAPI\BattleNetApi.csproj", "{E4697D43-4D45-40A5-9C6B-9EFB84C2CFDF}"
EndProject
Project("{FAE04EC0-301F-11D3-BF4B-00C04F79EFBC}") = "BattleNetApiSL", "BattleNetAPI\BattleNetApiSL.csproj", "{26077A2F-8C7F-4C4C-8A79-FCC1429750BA}"
EndProject
Project("{FAE04EC0-301F-11D3-BF4B-00C04F79EFBC}") = "TestSL", "TestSL\TestSL.csproj", "{D334EA18-27BF-4398-9EB5-BB715498611A}"
EndProject
Project("{FAE04EC0-301F-11D3-BF4B-00C04F79EFBC}") = "TestSL.Web", "TestSL.Web\TestSL.Web.csproj", "{2A5DD671-1CD5-4537-BD0E-01399D9FBB58}"
EndProject
Global
	GlobalSection(SolutionConfigurationPlatforms) = preSolution
		Debug|Any CPU = Debug|Any CPU
		Release|Any CPU = Release|Any CPU
	EndGlobalSection
	GlobalSection(ProjectConfigurationPlatforms) = postSolution
		{E081E5BE-7C0E-4135-B1C3-EE8BE0CE92DF}.Debug|Any CPU.ActiveCfg = Debug|Any CPU
		{E081E5BE-7C0E-4135-B1C3-EE8BE0CE92DF}.Debug|Any CPU.Build.0 = Debug|Any CPU
		{E081E5BE-7C0E-4135-B1C3-EE8BE0CE92DF}.Release|Any CPU.ActiveCfg = Release|Any CPU
		{E081E5BE-7C0E-4135-B1C3-EE8BE0CE92DF}.Release|Any CPU.Build.0 = Release|Any CPU
		{E4697D43-4D45-40A5-9C6B-9EFB84C2CFDF}.Debug|Any CPU.ActiveCfg = Debug|Any CPU
		{E4697D43-4D45-40A5-9C6B-9EFB84C2CFDF}.Debug|Any CPU.Build.0 = Debug|Any CPU
		{E4697D43-4D45-40A5-9C6B-9EFB84C2CFDF}.Release|Any CPU.ActiveCfg = Release|Any CPU
		{E4697D43-4D45-40A5-9C6B-9EFB84C2CFDF}.Release|Any CPU.Build.0 = Release|Any CPU
		{26077A2F-8C7F-4C4C-8A79-FCC1429750BA}.Debug|Any CPU.ActiveCfg = Debug|Any CPU
		{26077A2F-8C7F-4C4C-8A79-FCC1429750BA}.Release|Any CPU.ActiveCfg = Release|Any CPU
		{D334EA18-27BF-4398-9EB5-BB715498611A}.Debug|Any CPU.ActiveCfg = Debug|Any CPU
		{D334EA18-27BF-4398-9EB5-BB715498611A}.Debug|Any CPU.Build.0 = Debug|Any CPU
		{D334EA18-27BF-4398-9EB5-BB715498611A}.Release|Any CPU.ActiveCfg = Release|Any CPU
		{D334EA18-27BF-4398-9EB5-BB715498611A}.Release|Any CPU.Build.0 = Release|Any CPU
		{2A5DD671-1CD5-4537-BD0E-01399D9FBB58}.Debug|Any CPU.ActiveCfg = Debug|Any CPU
		{2A5DD671-1CD5-4537-BD0E-01399D9FBB58}.Debug|Any CPU.Build.0 = Debug|Any CPU
		{2A5DD671-1CD5-4537-BD0E-01399D9FBB58}.Release|Any CPU.ActiveCfg = Release|Any CPU
		{2A5DD671-1CD5-4537-BD0E-01399D9FBB58}.Release|Any CPU.Build.0 = Release|Any CPU
	EndGlobalSection
	GlobalSection(SolutionProperties) = preSolution
		HideSolutionNode = FALSE
	EndGlobalSection
EndGlobal
